
Microsoft Visual Studio Solution File, Format Version 12.00
# Visual Studio Version 16
VisualStudioVersion = 16.0.32602.291
MinimumVisualStudioVersion = 10.0.40219.1
Project("{8BC9CEB8-8B4A-11D0-8D11-00A0C91BC942}") = "Vectores y ciclos", "Vectores y ciclos\Vectores y ciclos.vcxproj", "{588D8011-9BDA-41B7-A506-86A27079FAB6}"
EndProject
Global
	GlobalSection(SolutionConfigurationPlatforms) = preSolution
		Debug|x64 = Debug|x64
		Debug|x86 = Debug|x86
		Release|x64 = Release|x64
		Release|x86 = Release|x86
	EndGlobalSection
	GlobalSection(ProjectConfigurationPlatforms) = postSolution
		{588D8011-9BDA-41B7-A506-86A27079FAB6}.Debug|x64.ActiveCfg = Debug|x64
		{588D8011-9BDA-41B7-A506-86A27079FAB6}.Debug|x64.Build.0 = Debug|x64
		{588D8011-9BDA-41B7-A506-86A27079FAB6}.Debug|x86.ActiveCfg = Debug|Win32
		{588D8011-9BDA-41B7-A506-86A27079FAB6}.Debug|x86.Build.0 = Debug|Win32
		{588D8011-9BDA-41B7-A506-86A27079FAB6}.Release|x64.ActiveCfg = Release|x64
		{588D8011-9BDA-41B7-A506-86A27079FAB6}.Release|x64.Build.0 = Release|x64
		{588D8011-9BDA-41B7-A506-86A27079FAB6}.Release|x86.ActiveCfg = Release|Win32
		{588D8011-9BDA-41B7-A506-86A27079FAB6}.Release|x86.Build.0 = Release|Win32
	EndGlobalSection
	GlobalSection(SolutionProperties) = preSolution
		HideSolutionNode = FALSE
	EndGlobalSection
	GlobalSection(ExtensibilityGlobals) = postSolution
		SolutionGuid = {DC5C81A4-074B-4CAC-A393-1B86271A7976}
	EndGlobalSection
EndGlobal
