
Microsoft Visual Studio Solution File, Format Version 12.00
# Visual Studio Version 16
VisualStudioVersion = 16.0.32602.291
MinimumVisualStudioVersion = 10.0.40219.1
Project("{8BC9CEB8-8B4A-11D0-8D11-00A0C91BC942}") = "Guess_My_Number", "Guess_My_Number\Guess_My_Number.vcxproj", "{C6595569-6DE5-4107-9CB3-3E10D38B9DE9}"
EndProject
Global
	GlobalSection(SolutionConfigurationPlatforms) = preSolution
		Debug|x64 = Debug|x64
		Debug|x86 = Debug|x86
		Release|x64 = Release|x64
		Release|x86 = Release|x86
	EndGlobalSection
	GlobalSection(ProjectConfigurationPlatforms) = postSolution
		{C6595569-6DE5-4107-9CB3-3E10D38B9DE9}.Debug|x64.ActiveCfg = Debug|x64
		{C6595569-6DE5-4107-9CB3-3E10D38B9DE9}.Debug|x64.Build.0 = Debug|x64
		{C6595569-6DE5-4107-9CB3-3E10D38B9DE9}.Debug|x86.ActiveCfg = Debug|Win32
		{C6595569-6DE5-4107-9CB3-3E10D38B9DE9}.Debug|x86.Build.0 = Debug|Win32
		{C6595569-6DE5-4107-9CB3-3E10D38B9DE9}.Release|x64.ActiveCfg = Release|x64
		{C6595569-6DE5-4107-9CB3-3E10D38B9DE9}.Release|x64.Build.0 = Release|x64
		{C6595569-6DE5-4107-9CB3-3E10D38B9DE9}.Release|x86.ActiveCfg = Release|Win32
		{C6595569-6DE5-4107-9CB3-3E10D38B9DE9}.Release|x86.Build.0 = Release|Win32
	EndGlobalSection
	GlobalSection(SolutionProperties) = preSolution
		HideSolutionNode = FALSE
	EndGlobalSection
	GlobalSection(ExtensibilityGlobals) = postSolution
		SolutionGuid = {83D78E3D-D185-47D3-B1CD-8337A820979B}
	EndGlobalSection
EndGlobal
